
Microsoft Visual Studio Solution File, Format Version 12.00
# Visual Studio Version 16
VisualStudioVersion = 16.0.30907.101
MinimumVisualStudioVersion = 10.0.40219.1
Project("{FAE04EC0-301F-11D3-BF4B-00C04F79EFBC}") = "webdemo2", "webdemo2\webdemo2.csproj", "{6AEA2874-5D82-4CBD-951A-3DE9242D0C6E}"
EndProject
Project("{FAE04EC0-301F-11D3-BF4B-00C04F79EFBC}") = "webdemoTests", "webdemoTests\webdemoTests.csproj", "{A9832781-D2C8-4041-99D7-B615C169E1D5}"
EndProject
Global
	GlobalSection(SolutionConfigurationPlatforms) = preSolution
		Debug|Any CPU = Debug|Any CPU
		Release|Any CPU = Release|Any CPU
	EndGlobalSection
	GlobalSection(ProjectConfigurationPlatforms) = postSolution
		{6AEA2874-5D82-4CBD-951A-3DE9242D0C6E}.Debug|Any CPU.ActiveCfg = Debug|Any CPU
		{6AEA2874-5D82-4CBD-951A-3DE9242D0C6E}.Debug|Any CPU.Build.0 = Debug|Any CPU
		{6AEA2874-5D82-4CBD-951A-3DE9242D0C6E}.Release|Any CPU.ActiveCfg = Release|Any CPU
		{6AEA2874-5D82-4CBD-951A-3DE9242D0C6E}.Release|Any CPU.Build.0 = Release|Any CPU
		{A9832781-D2C8-4041-99D7-B615C169E1D5}.Debug|Any CPU.ActiveCfg = Debug|Any CPU
		{A9832781-D2C8-4041-99D7-B615C169E1D5}.Debug|Any CPU.Build.0 = Debug|Any CPU
		{A9832781-D2C8-4041-99D7-B615C169E1D5}.Release|Any CPU.ActiveCfg = Release|Any CPU
		{A9832781-D2C8-4041-99D7-B615C169E1D5}.Release|Any CPU.Build.0 = Release|Any CPU
	EndGlobalSection
	GlobalSection(SolutionProperties) = preSolution
		HideSolutionNode = FALSE
	EndGlobalSection
	GlobalSection(ExtensibilityGlobals) = postSolution
		SolutionGuid = {8BAC9C9A-CDEC-47B9-B66A-110C9AC9280E}
	EndGlobalSection
EndGlobal
